
Microsoft Visual Studio Solution File, Format Version 12.00
# Visual Studio Version 17
VisualStudioVersion = 17.3.32811.315
MinimumVisualStudioVersion = 10.0.40219.1
Project("{FAE04EC0-301F-11D3-BF4B-00C04F79EFBC}") = "DockerProject", "DockerProject\DockerProject.csproj", "{622CC638-BE8E-4BD1-8F10-866701D4E0EE}"
EndProject
Global
	GlobalSection(SolutionConfigurationPlatforms) = preSolution
		Debug|Any CPU = Debug|Any CPU
		Release|Any CPU = Release|Any CPU
	EndGlobalSection
	GlobalSection(ProjectConfigurationPlatforms) = postSolution
		{622CC638-BE8E-4BD1-8F10-866701D4E0EE}.Debug|Any CPU.ActiveCfg = Debug|Any CPU
		{622CC638-BE8E-4BD1-8F10-866701D4E0EE}.Debug|Any CPU.Build.0 = Debug|Any CPU
		{622CC638-BE8E-4BD1-8F10-866701D4E0EE}.Release|Any CPU.ActiveCfg = Release|Any CPU
		{622CC638-BE8E-4BD1-8F10-866701D4E0EE}.Release|Any CPU.Build.0 = Release|Any CPU
	EndGlobalSection
	GlobalSection(SolutionProperties) = preSolution
		HideSolutionNode = FALSE
	EndGlobalSection
	GlobalSection(ExtensibilityGlobals) = postSolution
		SolutionGuid = {976BBACF-385B-4B03-B67B-C1F96C0B72FC}
	EndGlobalSection
EndGlobal
